{
  "pins" : [
    {
      "identity" : "compactscrollview",
      "kind" : "remoteSourceControl",
      "location" : "https://github.com/stateman92/CompactScrollView",
      "state" : {
        "revision" : "43266466abb6f1b7dc38aee912c9a82c45df04a8",
        "version" : "0.0.2"
      }
    },
    {
      "identity" : "sizepreferencekey",
      "kind" : "remoteSourceControl",
      "location" : "https://github.com/stateman92/SizePreferenceKey.git",
      "state" : {
        "revision" : "b2189e367f0cabcecccfa56c66e6ff4e444bdc37",
        "version" : "0.0.2"
      }
    }
  ],
  "version" : 2
}
